{
    "_readme": [
        "This file locks the dependencies of your project to a known state",
        "Read more about it at https://getcomposer.org/doc/01-basic-usage.md#installing-dependencies",
        "This file is @generated automatically"
    ],
    "content-hash": "d1ef99b209d8276dd0204f02226d0e90",
    "packages": [
        {
            "name": "graham-campbell/result-type",
            "version": "v1.1.3",
            "source": {
                "type": "git",
                "url": "https://github.com/GrahamCampbell/Result-Type.git",
                "reference": "3ba905c11371512af9d9bdd27d99b782216b6945"
            },
            "dist": {
                "type": "zip",
                "url": "https://api.github.com/repos/GrahamCampbell/Result-Type/zipball/3ba905c11371512af9d9bdd27d99b782216b6945",
                "reference": "3ba905c11371512af9d9bdd27d99b782216b6945",
                "shasum": ""
            },
            "require": {
                "php": "^7.2.5 || ^8.0",
                "phpoption/phpoption": "^1.9.3"
            },
            "require-dev": {
                "phpunit/phpunit": "^8.5.39 || ^9.6.20 || ^10.5.28"
            },
            "type": "library",
            "autoload": {
                "psr-4": {
                    "GrahamCampbell\\ResultType\\": "src/"
                }
            },
            "notification-url": "https://packagist.org/downloads/",
            "license": [
                "MIT"
            ],
            "authors": [
                {
                    "name": "Graham Campbell",
                    "email": "hello@gjcampbell.co.uk",
                    "homepage": "https://github.com/GrahamCampbell"
                }
            ],
            "description": "An Implementation Of The Result Type",
            "keywords": [
                "Graham Campbell",
                "GrahamCampbell",
                "Result Type",
                "Result-Type",
                "result"
            ],
            "support": {
                "issues": "https://github.com/GrahamCampbell/Result-Type/issues",
                "source": "https://github.com/GrahamCampbell/Result-Type/tree/v1.1.3"
            },
            "funding": [
                {
                    "url": "https://github.com/GrahamCampbell",
                    "type": "github"
                },
                {
                    "url": "https://tidelift.com/funding/github/packagist/graham-campbell/result-type",
                    "type": "tidelift"
                }
            ],
            "time": "2024-07-20T21:45:45+00:00"
        },
        {
            "name": "pda/pheanstalk",
            "version": "v5.0.5",
            "source": {
                "type": "git",
                "url": "https://github.com/pheanstalk/pheanstalk.git",
                "reference": "dd976acf568d45efddf76494e7ac06fa961b517e"
            },
            "dist": {
                "type": "zip",
                "url": "https://api.github.com/repos/pheanstalk/pheanstalk/zipball/dd976acf568d45efddf76494e7ac06fa961b517e",
                "reference": "dd976acf568d45efddf76494e7ac06fa961b517e",
                "shasum": ""
            },
            "require": {
                "ext-mbstring": "*",
                "php": ">=8.1.0"
            },
            "require-dev": {
                "captainhook/plugin-composer": "^5.3",
                "phpstan/extension-installer": "^1.1",
                "phpstan/phpstan": "^1",
                "phpstan/phpstan-phpunit": "^1.0",
                "phpstan/phpstan-strict-rules": "^1.1",
                "phpunit/phpunit": "^10",
                "ramsey/conventional-commits": "^1.2",
                "symplify/easy-coding-standard": "^11",
                "vimeo/psalm": "^5"
            },
            "suggest": {
                "ext-sockets": "Socket implementation works best for long running processes"
            },
            "type": "library",
            "autoload": {
                "psr-4": {
                    "Pheanstalk\\": "src/"
                }
            },
            "notification-url": "https://packagist.org/downloads/",
            "license": [
                "MIT"
            ],
            "authors": [
                {
                    "name": "Paul Annesley",
                    "email": "paul@annesley.cc",
                    "homepage": "http://paul.annesley.cc/",
                    "role": "Developer"
                },
                {
                    "name": "Sam Mousa",
                    "email": "sam@mousa.nl",
                    "role": "Maintainer"
                }
            ],
            "description": "PHP client for beanstalkd queue",
            "homepage": "https://github.com/pheanstalk/pheanstalk",
            "keywords": [
                "beanstalkd"
            ],
            "support": {
                "issues": "https://github.com/pheanstalk/pheanstalk/issues",
                "source": "https://github.com/pheanstalk/pheanstalk/tree/v5.0.5"
            },
            "time": "2024-03-04T12:25:02+00:00"
        },
        {
            "name": "phpmailer/phpmailer",
            "version": "v6.10.0",
            "source": {
                "type": "git",
                "url": "https://github.com/PHPMailer/PHPMailer.git",
                "reference": "bf74d75a1fde6beaa34a0ddae2ec5fce0f72a144"
            },
            "dist": {
                "type": "zip",
                "url": "https://api.github.com/repos/PHPMailer/PHPMailer/zipball/bf74d75a1fde6beaa34a0ddae2ec5fce0f72a144",
                "reference": "bf74d75a1fde6beaa34a0ddae2ec5fce0f72a144",
                "shasum": ""
            },
            "require": {
                "ext-ctype": "*",
                "ext-filter": "*",
                "ext-hash": "*",
                "php": ">=5.5.0"
            },
            "require-dev": {
                "dealerdirect/phpcodesniffer-composer-installer": "^1.0",
                "doctrine/annotations": "^1.2.6 || ^1.13.3",
                "php-parallel-lint/php-console-highlighter": "^1.0.0",
                "php-parallel-lint/php-parallel-lint": "^1.3.2",
                "phpcompatibility/php-compatibility": "^9.3.5",
                "roave/security-advisories": "dev-latest",
                "squizlabs/php_codesniffer": "^3.7.2",
                "yoast/phpunit-polyfills": "^1.0.4"
            },
            "suggest": {
                "decomplexity/SendOauth2": "Adapter for using XOAUTH2 authentication",
                "ext-mbstring": "Needed to send email in multibyte encoding charset or decode encoded addresses",
                "ext-openssl": "Needed for secure SMTP sending and DKIM signing",
                "greew/oauth2-azure-provider": "Needed for Microsoft Azure XOAUTH2 authentication",
                "hayageek/oauth2-yahoo": "Needed for Yahoo XOAUTH2 authentication",
                "league/oauth2-google": "Needed for Google XOAUTH2 authentication",
                "psr/log": "For optional PSR-3 debug logging",
                "symfony/polyfill-mbstring": "To support UTF-8 if the Mbstring PHP extension is not enabled (^1.2)",
                "thenetworg/oauth2-azure": "Needed for Microsoft XOAUTH2 authentication"
            },
            "type": "library",
            "autoload": {
                "psr-4": {
                    "PHPMailer\\PHPMailer\\": "src/"
                }
            },
            "notification-url": "https://packagist.org/downloads/",
            "license": [
                "LGPL-2.1-only"
            ],
            "authors": [
                {
                    "name": "Marcus Bointon",
                    "email": "phpmailer@synchromedia.co.uk"
                },
                {
                    "name": "Jim Jagielski",
                    "email": "jimjag@gmail.com"
                },
                {
                    "name": "Andy Prevost",
                    "email": "codeworxtech@users.sourceforge.net"
                },
                {
                    "name": "Brent R. Matzelle"
                }
            ],
            "description": "PHPMailer is a full-featured email creation and transfer class for PHP",
            "support": {
                "issues": "https://github.com/PHPMailer/PHPMailer/issues",
                "source": "https://github.com/PHPMailer/PHPMailer/tree/v6.10.0"
            },
            "funding": [
                {
                    "url": "https://github.com/Synchro",
                    "type": "github"
                }
            ],
            "time": "2025-04-24T15:19:31+00:00"
        },
        {
            "name": "phpoffice/math",
            "version": "0.1.0",
            "source": {
                "type": "git",
                "url": "https://github.com/PHPOffice/Math.git",
                "reference": "f0f8cad98624459c540cdd61d2a174d834471773"
            },
            "dist": {
                "type": "zip",
                "url": "https://api.github.com/repos/PHPOffice/Math/zipball/f0f8cad98624459c540cdd61d2a174d834471773",
                "reference": "f0f8cad98624459c540cdd61d2a174d834471773",
                "shasum": ""
            },
            "require": {
                "ext-dom": "*",
                "ext-xml": "*",
                "php": "^7.1|^8.0"
            },
            "require-dev": {
                "phpstan/phpstan": "^0.12.88 || ^1.0.0",
                "phpunit/phpunit": "^7.0 || ^9.0"
            },
            "type": "library",
            "autoload": {
                "psr-4": {
                    "PhpOffice\\Math\\": "src/Math/",
                    "Tests\\PhpOffice\\Math\\": "tests/Math/"
                }
            },
            "notification-url": "https://packagist.org/downloads/",
            "license": [
                "MIT"
            ],
            "authors": [
                {
                    "name": "Progi1984",
                    "homepage": "https://lefevre.dev"
                }
            ],
            "description": "Math - Manipulate Math Formula",
            "homepage": "https://phpoffice.github.io/Math/",
            "keywords": [
                "MathML",
                "officemathml",
                "php"
            ],
            "support": {
                "issues": "https://github.com/PHPOffice/Math/issues",
                "source": "https://github.com/PHPOffice/Math/tree/0.1.0"
            },
            "time": "2023-09-25T12:08:20+00:00"
        },
        {
            "name": "phpoffice/phpword",
            "version": "1.2.0",
            "source": {
                "type": "git",
                "url": "https://github.com/PHPOffice/PHPWord.git",
                "reference": "e76b701ef538cb749641514fcbc31a68078550fa"
            },
            "dist": {
                "type": "zip",
                "url": "https://api.github.com/repos/PHPOffice/PHPWord/zipball/e76b701ef538cb749641514fcbc31a68078550fa",
                "reference": "e76b701ef538cb749641514fcbc31a68078550fa",
                "shasum": ""
            },
            "require": {
                "ext-dom": "*",
                "ext-json": "*",
                "ext-xml": "*",
                "php": "^7.1|^8.0",
                "phpoffice/math": "^0.1"
            },
            "require-dev": {
                "dompdf/dompdf": "^2.0",
                "ext-gd": "*",
                "ext-libxml": "*",
                "ext-zip": "*",
                "friendsofphp/php-cs-fixer": "^3.3",
                "mpdf/mpdf": "^8.1",
                "phpmd/phpmd": "^2.13",
                "phpstan/phpstan-phpunit": "@stable",
                "phpunit/phpunit": ">=7.0",
                "symfony/process": "^4.4 || ^5.0",
                "tecnickcom/tcpdf": "^6.5"
            },
            "suggest": {
                "dompdf/dompdf": "Allows writing PDF",
                "ext-gd2": "Allows adding images",
                "ext-xmlwriter": "Allows writing OOXML and ODF",
                "ext-xsl": "Allows applying XSL style sheet to headers, to main document part, and to footers of an OOXML template",
                "ext-zip": "Allows writing OOXML and ODF"
            },
            "type": "library",
            "autoload": {
                "psr-4": {
                    "PhpOffice\\PhpWord\\": "src/PhpWord"
                }
            },
            "notification-url": "https://packagist.org/downloads/",
            "license": [
                "LGPL-3.0"
            ],
            "authors": [
                {
                    "name": "Mark Baker"
                },
                {
                    "name": "Gabriel Bull",
                    "email": "me@gabrielbull.com",
                    "homepage": "http://gabrielbull.com/"
                },
                {
                    "name": "Franck Lefevre",
                    "homepage": "https://rootslabs.net/blog/"
                },
                {
                    "name": "Ivan Lanin",
                    "homepage": "http://ivan.lanin.org"
                },
                {
                    "name": "Roman Syroeshko",
                    "homepage": "http://ru.linkedin.com/pub/roman-syroeshko/34/a53/994/"
                },
                {
                    "name": "Antoine de Troostembergh"
                }
            ],
            "description": "PHPWord - A pure PHP library for reading and writing word processing documents (OOXML, ODF, RTF, HTML, PDF)",
            "homepage": "https://phpoffice.github.io/PHPWord/",
            "keywords": [
                "ISO IEC 29500",
                "OOXML",
                "Office Open XML",
                "OpenDocument",
                "OpenXML",
                "PhpOffice",
                "PhpWord",
                "Rich Text Format",
                "WordprocessingML",
                "doc",
                "docx",
                "html",
                "odf",
                "odt",
                "office",
                "pdf",
                "php",
                "reader",
                "rtf",
                "template",
                "template processor",
                "word",
                "writer"
            ],
            "support": {
                "issues": "https://github.com/PHPOffice/PHPWord/issues",
                "source": "https://github.com/PHPOffice/PHPWord/tree/1.2.0"
            },
            "time": "2023-11-30T11:22:23+00:00"
        },
        {
            "name": "phpoption/phpoption",
            "version": "1.9.3",
            "source": {
                "type": "git",
                "url": "https://github.com/schmittjoh/php-option.git",
                "reference": "e3fac8b24f56113f7cb96af14958c0dd16330f54"
            },
            "dist": {
                "type": "zip",
                "url": "https://api.github.com/repos/schmittjoh/php-option/zipball/e3fac8b24f56113f7cb96af14958c0dd16330f54",
                "reference": "e3fac8b24f56113f7cb96af14958c0dd16330f54",
                "shasum": ""
            },
            "require": {
                "php": "^7.2.5 || ^8.0"
            },
            "require-dev": {
                "bamarni/composer-bin-plugin": "^1.8.2",
                "phpunit/phpunit": "^8.5.39 || ^9.6.20 || ^10.5.28"
            },
            "type": "library",
            "extra": {
                "bamarni-bin": {
                    "bin-links": true,
                    "forward-command": false
                },
                "branch-alias": {
                    "dev-master": "1.9-dev"
                }
            },
            "autoload": {
                "psr-4": {
                    "PhpOption\\": "src/PhpOption/"
                }
            },
            "notification-url": "https://packagist.org/downloads/",
            "license": [
                "Apache-2.0"
            ],
            "authors": [
                {
                    "name": "Johannes M. Schmitt",
                    "email": "schmittjoh@gmail.com",
                    "homepage": "https://github.com/schmittjoh"
                },
                {
                    "name": "Graham Campbell",
                    "email": "hello@gjcampbell.co.uk",
                    "homepage": "https://github.com/GrahamCampbell"
                }
            ],
            "description": "Option Type for PHP",
            "keywords": [
                "language",
                "option",
                "php",
                "type"
            ],
            "support": {
                "issues": "https://github.com/schmittjoh/php-option/issues",
                "source": "https://github.com/schmittjoh/php-option/tree/1.9.3"
            },
            "funding": [
                {
                    "url": "https://github.com/GrahamCampbell",
                    "type": "github"
                },
                {
                    "url": "https://tidelift.com/funding/github/packagist/phpoption/phpoption",
                    "type": "tidelift"
                }
            ],
            "time": "2024-07-20T21:41:07+00:00"
        },
        {
            "name": "setasign/fpdf",
            "version": "1.8.6",
            "source": {
                "type": "git",
                "url": "https://github.com/Setasign/FPDF.git",
                "reference": "0838e0ee4925716fcbbc50ad9e1799b5edfae0a0"
            },
            "dist": {
                "type": "zip",
                "url": "https://api.github.com/repos/Setasign/FPDF/zipball/0838e0ee4925716fcbbc50ad9e1799b5edfae0a0",
                "reference": "0838e0ee4925716fcbbc50ad9e1799b5edfae0a0",
                "shasum": ""
            },
            "require": {
                "ext-gd": "*",
                "ext-zlib": "*"
            },
            "type": "library",
            "autoload": {
                "classmap": [
                    "fpdf.php"
                ]
            },
            "notification-url": "https://packagist.org/downloads/",
            "license": [
                "MIT"
            ],
            "authors": [
                {
                    "name": "Olivier Plathey",
                    "email": "oliver@fpdf.org",
                    "homepage": "http://fpdf.org/"
                }
            ],
            "description": "FPDF is a PHP class which allows to generate PDF files with pure PHP. F from FPDF stands for Free: you may use it for any kind of usage and modify it to suit your needs.",
            "homepage": "http://www.fpdf.org",
            "keywords": [
                "fpdf",
                "pdf"
            ],
            "support": {
                "source": "https://github.com/Setasign/FPDF/tree/1.8.6"
            },
            "time": "2023-06-26T14:44:25+00:00"
        },
        {
            "name": "smalot/pdfparser",
            "version": "v2.10.0",
            "source": {
                "type": "git",
                "url": "https://github.com/smalot/pdfparser.git",
                "reference": "14adf318f8620a6195c0b00d51c6a507837b9ff4"
            },
            "dist": {
                "type": "zip",
                "url": "https://api.github.com/repos/smalot/pdfparser/zipball/14adf318f8620a6195c0b00d51c6a507837b9ff4",
                "reference": "14adf318f8620a6195c0b00d51c6a507837b9ff4",
                "shasum": ""
            },
            "require": {
                "ext-iconv": "*",
                "ext-zlib": "*",
                "php": ">=7.1",
                "symfony/polyfill-mbstring": "^1.18"
            },
            "type": "library",
            "autoload": {
                "psr-0": {
                    "Smalot\\PdfParser\\": "src/"
                }
            },
            "notification-url": "https://packagist.org/downloads/",
            "license": [
                "LGPL-3.0"
            ],
            "authors": [
                {
                    "name": "Sebastien MALOT",
                    "email": "sebastien@malot.fr"
                }
            ],
            "description": "Pdf parser library. Can read and extract information from pdf file.",
            "homepage": "https://www.pdfparser.org",
            "keywords": [
                "extract",
                "parse",
                "parser",
                "pdf",
                "text"
            ],
            "support": {
                "issues": "https://github.com/smalot/pdfparser/issues",
                "source": "https://github.com/smalot/pdfparser/tree/v2.10.0"
            },
            "time": "2024-04-29T06:36:50+00:00"
        },
        {
            "name": "spatie/pdf-to-text",
            "version": "1.52.1",
            "source": {
                "type": "git",
                "url": "https://github.com/spatie/pdf-to-text.git",
                "reference": "af603fff25c73accc5b790a9a8d39ca5aa5e9b37"
            },
            "dist": {
                "type": "zip",
                "url": "https://api.github.com/repos/spatie/pdf-to-text/zipball/af603fff25c73accc5b790a9a8d39ca5aa5e9b37",
                "reference": "af603fff25c73accc5b790a9a8d39ca5aa5e9b37",
                "shasum": ""
            },
            "require": {
                "php": "^7.4|^8.0",
                "symfony/process": "^4.0|^5.0|^6.0|^7.0"
            },
            "require-dev": {
                "pestphp/pest-plugin-laravel": "^1.3",
                "phpunit/phpunit": "^9.5"
            },
            "type": "library",
            "autoload": {
                "psr-4": {
                    "Spatie\\PdfToText\\": "src"
                }
            },
            "notification-url": "https://packagist.org/downloads/",
            "license": [
                "MIT"
            ],
            "authors": [
                {
                    "name": "Freek Van der Herten",
                    "email": "freek@spatie.be",
                    "homepage": "https://spatie.be",
                    "role": "Developer"
                }
            ],
            "description": "Extract text from a pdf",
            "homepage": "https://github.com/spatie/pdf-to-text",
            "keywords": [
                "pdf-to-text",
                "spatie"
            ],
            "support": {
                "issues": "https://github.com/spatie/pdf-to-text/issues",
                "source": "https://github.com/spatie/pdf-to-text/tree/1.52.1"
            },
            "funding": [
                {
                    "url": "https://spatie.be/open-source/support-us",
                    "type": "custom"
                }
            ],
            "time": "2023-12-14T09:45:31+00:00"
        },
        {
            "name": "stripe/stripe-php",
            "version": "v15.4.0",
            "source": {
                "type": "git",
                "url": "https://github.com/stripe/stripe-php.git",
                "reference": "13581553ea8725b9d0cfff93d24462c4149abec9"
            },
            "dist": {
                "type": "zip",
                "url": "https://api.github.com/repos/stripe/stripe-php/zipball/13581553ea8725b9d0cfff93d24462c4149abec9",
                "reference": "13581553ea8725b9d0cfff93d24462c4149abec9",
                "shasum": ""
            },
            "require": {
                "ext-curl": "*",
                "ext-json": "*",
                "ext-mbstring": "*",
                "php": ">=5.6.0"
            },
            "require-dev": {
                "friendsofphp/php-cs-fixer": "3.5.0",
                "phpstan/phpstan": "^1.2",
                "phpunit/phpunit": "^5.7 || ^9.0"
            },
            "type": "library",
            "extra": {
                "branch-alias": {
                    "dev-master": "2.0-dev"
                }
            },
            "autoload": {
                "psr-4": {
                    "Stripe\\": "lib/"
                }
            },
            "notification-url": "https://packagist.org/downloads/",
            "license": [
                "MIT"
            ],
            "authors": [
                {
                    "name": "Stripe and contributors",
                    "homepage": "https://github.com/stripe/stripe-php/contributors"
                }
            ],
            "description": "Stripe PHP Library",
            "homepage": "https://stripe.com/",
            "keywords": [
                "api",
                "payment processing",
                "stripe"
            ],
            "support": {
                "issues": "https://github.com/stripe/stripe-php/issues",
                "source": "https://github.com/stripe/stripe-php/tree/v15.4.0"
            },
            "time": "2024-07-25T21:00:20+00:00"
        },
        {
            "name": "symfony/polyfill-ctype",
            "version": "v1.32.0",
            "source": {
                "type": "git",
                "url": "https://github.com/symfony/polyfill-ctype.git",
                "reference": "a3cc8b044a6ea513310cbd48ef7333b384945638"
            },
            "dist": {
                "type": "zip",
                "url": "https://api.github.com/repos/symfony/polyfill-ctype/zipball/a3cc8b044a6ea513310cbd48ef7333b384945638",
                "reference": "a3cc8b044a6ea513310cbd48ef7333b384945638",
                "shasum": ""
            },
            "require": {
                "php": ">=7.2"
            },
            "provide": {
                "ext-ctype": "*"
            },
            "suggest": {
                "ext-ctype": "For best performance"
            },
            "type": "library",
            "extra": {
                "thanks": {
                    "url": "https://github.com/symfony/polyfill",
                    "name": "symfony/polyfill"
                }
            },
            "autoload": {
                "files": [
                    "bootstrap.php"
                ],
                "psr-4": {
                    "Symfony\\Polyfill\\Ctype\\": ""
                }
            },
            "notification-url": "https://packagist.org/downloads/",
            "license": [
                "MIT"
            ],
            "authors": [
                {
                    "name": "Gert de Pagter",
                    "email": "BackEndTea@gmail.com"
                },
                {
                    "name": "Symfony Community",
                    "homepage": "https://symfony.com/contributors"
                }
            ],
            "description": "Symfony polyfill for ctype functions",
            "homepage": "https://symfony.com",
            "keywords": [
                "compatibility",
                "ctype",
                "polyfill",
                "portable"
            ],
            "support": {
                "source": "https://github.com/symfony/polyfill-ctype/tree/v1.32.0"
            },
            "funding": [
                {
                    "url": "https://symfony.com/sponsor",
                    "type": "custom"
                },
                {
                    "url": "https://github.com/fabpot",
                    "type": "github"
                },
                {
                    "url": "https://tidelift.com/funding/github/packagist/symfony/symfony",
                    "type": "tidelift"
                }
            ],
            "time": "2024-09-09T11:45:10+00:00"
        },
        {
            "name": "symfony/polyfill-mbstring",
            "version": "v1.30.0",
            "source": {
                "type": "git",
                "url": "https://github.com/symfony/polyfill-mbstring.git",
                "reference": "fd22ab50000ef01661e2a31d850ebaa297f8e03c"
            },
            "dist": {
                "type": "zip",
                "url": "https://api.github.com/repos/symfony/polyfill-mbstring/zipball/fd22ab50000ef01661e2a31d850ebaa297f8e03c",
                "reference": "fd22ab50000ef01661e2a31d850ebaa297f8e03c",
                "shasum": ""
            },
            "require": {
                "php": ">=7.1"
            },
            "provide": {
                "ext-mbstring": "*"
            },
            "suggest": {
                "ext-mbstring": "For best performance"
            },
            "type": "library",
            "extra": {
                "thanks": {
                    "name": "symfony/polyfill",
                    "url": "https://github.com/symfony/polyfill"
                }
            },
            "autoload": {
                "files": [
                    "bootstrap.php"
                ],
                "psr-4": {
                    "Symfony\\Polyfill\\Mbstring\\": ""
                }
            },
            "notification-url": "https://packagist.org/downloads/",
            "license": [
                "MIT"
            ],
            "authors": [
                {
                    "name": "Nicolas Grekas",
                    "email": "p@tchwork.com"
                },
                {
                    "name": "Symfony Community",
                    "homepage": "https://symfony.com/contributors"
                }
            ],
            "description": "Symfony polyfill for the Mbstring extension",
            "homepage": "https://symfony.com",
            "keywords": [
                "compatibility",
                "mbstring",
                "polyfill",
                "portable",
                "shim"
            ],
            "support": {
                "source": "https://github.com/symfony/polyfill-mbstring/tree/v1.30.0"
            },
            "funding": [
                {
                    "url": "https://symfony.com/sponsor",
                    "type": "custom"
                },
                {
                    "url": "https://github.com/fabpot",
                    "type": "github"
                },
                {
                    "url": "https://tidelift.com/funding/github/packagist/symfony/symfony",
                    "type": "tidelift"
                }
            ],
            "time": "2024-06-19T12:30:46+00:00"
        },
        {
            "name": "symfony/polyfill-php80",
            "version": "v1.32.0",
            "source": {
                "type": "git",
                "url": "https://github.com/symfony/polyfill-php80.git",
                "reference": "0cc9dd0f17f61d8131e7df6b84bd344899fe2608"
            },
            "dist": {
                "type": "zip",
                "url": "https://api.github.com/repos/symfony/polyfill-php80/zipball/0cc9dd0f17f61d8131e7df6b84bd344899fe2608",
                "reference": "0cc9dd0f17f61d8131e7df6b84bd344899fe2608",
                "shasum": ""
            },
            "require": {
                "php": ">=7.2"
            },
            "type": "library",
            "extra": {
                "thanks": {
                    "url": "https://github.com/symfony/polyfill",
                    "name": "symfony/polyfill"
                }
            },
            "autoload": {
                "files": [
                    "bootstrap.php"
                ],
                "psr-4": {
                    "Symfony\\Polyfill\\Php80\\": ""
                },
                "classmap": [
                    "Resources/stubs"
                ]
            },
            "notification-url": "https://packagist.org/downloads/",
            "license": [
                "MIT"
            ],
            "authors": [
                {
                    "name": "Ion Bazan",
                    "email": "ion.bazan@gmail.com"
                },
                {
                    "name": "Nicolas Grekas",
                    "email": "p@tchwork.com"
                },
                {
                    "name": "Symfony Community",
                    "homepage": "https://symfony.com/contributors"
                }
            ],
            "description": "Symfony polyfill backporting some PHP 8.0+ features to lower PHP versions",
            "homepage": "https://symfony.com",
            "keywords": [
                "compatibility",
                "polyfill",
                "portable",
                "shim"
            ],
            "support": {
                "source": "https://github.com/symfony/polyfill-php80/tree/v1.32.0"
            },
            "funding": [
                {
                    "url": "https://symfony.com/sponsor",
                    "type": "custom"
                },
                {
                    "url": "https://github.com/fabpot",
                    "type": "github"
                },
                {
                    "url": "https://tidelift.com/funding/github/packagist/symfony/symfony",
                    "type": "tidelift"
                }
            ],
            "time": "2025-01-02T08:10:11+00:00"
        },
        {
            "name": "symfony/process",
            "version": "v7.1.3",
            "source": {
                "type": "git",
                "url": "https://github.com/symfony/process.git",
                "reference": "7f2f542c668ad6c313dc4a5e9c3321f733197eca"
            },
            "dist": {
                "type": "zip",
                "url": "https://api.github.com/repos/symfony/process/zipball/7f2f542c668ad6c313dc4a5e9c3321f733197eca",
                "reference": "7f2f542c668ad6c313dc4a5e9c3321f733197eca",
                "shasum": ""
            },
            "require": {
                "php": ">=8.2"
            },
            "type": "library",
            "autoload": {
                "psr-4": {
                    "Symfony\\Component\\Process\\": ""
                },
                "exclude-from-classmap": [
                    "/Tests/"
                ]
            },
            "notification-url": "https://packagist.org/downloads/",
            "license": [
                "MIT"
            ],
            "authors": [
                {
                    "name": "Fabien Potencier",
                    "email": "fabien@symfony.com"
                },
                {
                    "name": "Symfony Community",
                    "homepage": "https://symfony.com/contributors"
                }
            ],
            "description": "Executes commands in sub-processes",
            "homepage": "https://symfony.com",
            "support": {
                "source": "https://github.com/symfony/process/tree/v7.1.3"
            },
            "funding": [
                {
                    "url": "https://symfony.com/sponsor",
                    "type": "custom"
                },
                {
                    "url": "https://github.com/fabpot",
                    "type": "github"
                },
                {
                    "url": "https://tidelift.com/funding/github/packagist/symfony/symfony",
                    "type": "tidelift"
                }
            ],
            "time": "2024-07-26T12:44:47+00:00"
        },
        {
            "name": "tecnickcom/tcpdf",
            "version": "6.10.0",
            "source": {
                "type": "git",
                "url": "https://github.com/tecnickcom/TCPDF.git",
                "reference": "ca5b6de294512145db96bcbc94e61696599c391d"
            },
            "dist": {
                "type": "zip",
                "url": "https://api.github.com/repos/tecnickcom/TCPDF/zipball/ca5b6de294512145db96bcbc94e61696599c391d",
                "reference": "ca5b6de294512145db96bcbc94e61696599c391d",
                "shasum": ""
            },
            "require": {
                "ext-curl": "*",
                "php": ">=7.1.0"
            },
            "type": "library",
            "autoload": {
                "classmap": [
                    "config",
                    "include",
                    "tcpdf.php",
                    "tcpdf_barcodes_1d.php",
                    "tcpdf_barcodes_2d.php",
                    "include/tcpdf_colors.php",
                    "include/tcpdf_filters.php",
                    "include/tcpdf_font_data.php",
                    "include/tcpdf_fonts.php",
                    "include/tcpdf_images.php",
                    "include/tcpdf_static.php",
                    "include/barcodes/datamatrix.php",
                    "include/barcodes/pdf417.php",
                    "include/barcodes/qrcode.php"
                ]
            },
            "notification-url": "https://packagist.org/downloads/",
            "license": [
                "LGPL-3.0-or-later"
            ],
            "authors": [
                {
                    "name": "Nicola Asuni",
                    "email": "info@tecnick.com",
                    "role": "lead"
                }
            ],
            "description": "TCPDF is a PHP class for generating PDF documents and barcodes.",
            "homepage": "http://www.tcpdf.org/",
            "keywords": [
                "PDFD32000-2008",
                "TCPDF",
                "barcodes",
                "datamatrix",
                "pdf",
                "pdf417",
                "qrcode"
            ],
            "support": {
                "issues": "https://github.com/tecnickcom/TCPDF/issues",
                "source": "https://github.com/tecnickcom/TCPDF/tree/6.10.0"
            },
            "funding": [
                {
                    "url": "https://www.paypal.com/donate/?hosted_button_id=NZUEC5XS8MFBJ",
                    "type": "custom"
                }
            ],
            "time": "2025-05-27T18:02:28+00:00"
        },
        {
            "name": "vlucas/phpdotenv",
            "version": "v5.6.2",
            "source": {
                "type": "git",
                "url": "https://github.com/vlucas/phpdotenv.git",
                "reference": "24ac4c74f91ee2c193fa1aaa5c249cb0822809af"
            },
            "dist": {
                "type": "zip",
                "url": "https://api.github.com/repos/vlucas/phpdotenv/zipball/24ac4c74f91ee2c193fa1aaa5c249cb0822809af",
                "reference": "24ac4c74f91ee2c193fa1aaa5c249cb0822809af",
                "shasum": ""
            },
            "require": {
                "ext-pcre": "*",
                "graham-campbell/result-type": "^1.1.3",
                "php": "^7.2.5 || ^8.0",
                "phpoption/phpoption": "^1.9.3",
                "symfony/polyfill-ctype": "^1.24",
                "symfony/polyfill-mbstring": "^1.24",
                "symfony/polyfill-php80": "^1.24"
            },
            "require-dev": {
                "bamarni/composer-bin-plugin": "^1.8.2",
                "ext-filter": "*",
                "phpunit/phpunit": "^8.5.34 || ^9.6.13 || ^10.4.2"
            },
            "suggest": {
                "ext-filter": "Required to use the boolean validator."
            },
            "type": "library",
            "extra": {
                "bamarni-bin": {
                    "bin-links": true,
                    "forward-command": false
                },
                "branch-alias": {
                    "dev-master": "5.6-dev"
                }
            },
            "autoload": {
                "psr-4": {
                    "Dotenv\\": "src/"
                }
            },
            "notification-url": "https://packagist.org/downloads/",
            "license": [
                "BSD-3-Clause"
            ],
            "authors": [
                {
                    "name": "Graham Campbell",
                    "email": "hello@gjcampbell.co.uk",
                    "homepage": "https://github.com/GrahamCampbell"
                },
                {
                    "name": "Vance Lucas",
                    "email": "vance@vancelucas.com",
                    "homepage": "https://github.com/vlucas"
                }
            ],
            "description": "Loads environment variables from `.env` to `getenv()`, `$_ENV` and `$_SERVER` automagically.",
            "keywords": [
                "dotenv",
                "env",
                "environment"
            ],
            "support": {
                "issues": "https://github.com/vlucas/phpdotenv/issues",
                "source": "https://github.com/vlucas/phpdotenv/tree/v5.6.2"
            },
            "funding": [
                {
                    "url": "https://github.com/GrahamCampbell",
                    "type": "github"
                },
                {
                    "url": "https://tidelift.com/funding/github/packagist/vlucas/phpdotenv",
                    "type": "tidelift"
                }
            ],
            "time": "2025-04-30T23:37:27+00:00"
        }
    ],
    "packages-dev": [],
    "aliases": [],
    "minimum-stability": "stable",
    "stability-flags": {},
    "prefer-stable": false,
    "prefer-lowest": false,
    "platform": {},
    "platform-dev": {},
    "plugin-api-version": "2.6.0"
}
